{
  "name": "miniprogram",
  "version": "2.0.0",
  "lockfileVersion": 2,
  "requires": true,
  "packages": {
    "": {
      "name": "miniprogram",
      "version": "2.0.0",
      "license": "ISC",
      "dependencies": {
        "@alicloud/mpserverless-sdk": "^3.1.1",
        "@vant/weapp": "^1.10.2",
        "dayjs": "^1.10.7",
        "wl-pinyin": "^1.0.1"
      }
    },
    "node_modules/@alicloud/mpserverless-sdk": {
      "version": "3.1.1",
      "resolved": "https://registry.npmmirror.com/@alicloud/mpserverless-sdk/-/mpserverless-sdk-3.1.1.tgz",
      "integrity": "sha512-ERyGk6FPduBJh0U+edyKq3zyKB2ScEj0Bv7ReY4yUGPrzePMyLDFVvBgFwheemyodyDYpcXgZaQfox5V/ernrA==",
      "engines": {
        "node": ">=8.0.0"
      }
    },
    "node_modules/@vant/weapp": {
      "version": "1.10.4",
      "resolved": "https://registry.npmmirror.com/@vant/weapp/-/weapp-1.10.4.tgz",
      "integrity": "sha512-S0T6myy4Ve4ZClRujJKP1Eu5hP5GFkVeQH587uakhacrQ+9Fp23gfnmo+dKMf7FbjTRqQu+ehxcr0Ba75iV8HA=="
    },
    "node_modules/dayjs": {
      "version": "1.10.7",
      "resolved": "https://registry.nlark.com/dayjs/download/dayjs-1.10.7.tgz",
      "integrity": "sha1-LPX5Gt0oEWdIRAhmoKHSbzps5Gg="
    },
    "node_modules/wl-pinyin": {
      "version": "1.0.1",
      "resolved": "https://registry.npm.taobao.org/wl-pinyin/download/wl-pinyin-1.0.1.tgz",
      "integrity": "sha1-GKftJVzv5jEABx4ll1Hejk27QC0="
    }
  },
  "dependencies": {
    "@alicloud/mpserverless-sdk": {
      "version": "3.1.1",
      "resolved": "https://registry.npmmirror.com/@alicloud/mpserverless-sdk/-/mpserverless-sdk-3.1.1.tgz",
      "integrity": "sha512-ERyGk6FPduBJh0U+edyKq3zyKB2ScEj0Bv7ReY4yUGPrzePMyLDFVvBgFwheemyodyDYpcXgZaQfox5V/ernrA=="
    },
    "@vant/weapp": {
      "version": "1.10.4",
      "resolved": "https://registry.npmmirror.com/@vant/weapp/-/weapp-1.10.4.tgz",
      "integrity": "sha512-S0T6myy4Ve4ZClRujJKP1Eu5hP5GFkVeQH587uakhacrQ+9Fp23gfnmo+dKMf7FbjTRqQu+ehxcr0Ba75iV8HA=="
    },
    "dayjs": {
      "version": "1.10.7",
      "resolved": "https://registry.nlark.com/dayjs/download/dayjs-1.10.7.tgz",
      "integrity": "sha1-LPX5Gt0oEWdIRAhmoKHSbzps5Gg="
    },
    "wl-pinyin": {
      "version": "1.0.1",
      "resolved": "https://registry.npm.taobao.org/wl-pinyin/download/wl-pinyin-1.0.1.tgz",
      "integrity": "sha1-GKftJVzv5jEABx4ll1Hejk27QC0="
    }
  }
}
