{
  "name": "miniprogram",
  "version": "2.0.0",
  "lockfileVersion": 2,
  "requires": true,
  "packages": {
    "": {
      "name": "miniprogram",
      "version": "2.0.0",
      "license": "ISC",
      "dependencies": {
        "@alicloud/mpserverless-sdk": "^3.1.3",
        "@vant/weapp": "^1.10.15",
        "dayjs": "^1.10.7",
        "wl-pinyin": "^1.0.1"
      }
    },
    "node_modules/@alicloud/mpserverless-sdk": {
      "version": "3.1.3",
      "resolved": "https://registry.npmmirror.com/@alicloud/mpserverless-sdk/-/mpserverless-sdk-3.1.3.tgz",
      "integrity": "sha512-69QjM6G5JcPduZL7QdB/5XcZd9jKGWhV1ipzVOXED6aXAWozmBrNPavGqIwyE2mszzeB0qUpriliuZWgfrML9w==",
      "engines": {
        "node": ">=8.0.0"
      }
    },
    "node_modules/@vant/weapp": {
      "version": "1.10.15",
      "resolved": "https://registry.npmmirror.com/@vant/weapp/-/weapp-1.10.15.tgz",
      "integrity": "sha512-swM4k3pVwt/6Tnijvq86paLiKE1CzbrBQ4lR7+9uRhwKOM0HS3ooK1Q4IjSEyxQ59ZFKmYYvZln77RZcnSDqmA=="
    },
    "node_modules/dayjs": {
      "version": "1.10.7",
      "resolved": "https://registry.nlark.com/dayjs/download/dayjs-1.10.7.tgz",
      "integrity": "sha1-LPX5Gt0oEWdIRAhmoKHSbzps5Gg="
    },
    "node_modules/wl-pinyin": {
      "version": "1.0.1",
      "resolved": "https://registry.npm.taobao.org/wl-pinyin/download/wl-pinyin-1.0.1.tgz",
      "integrity": "sha1-GKftJVzv5jEABx4ll1Hejk27QC0="
    }
  },
  "dependencies": {
    "@alicloud/mpserverless-sdk": {
      "version": "3.1.3",
      "resolved": "https://registry.npmmirror.com/@alicloud/mpserverless-sdk/-/mpserverless-sdk-3.1.3.tgz",
      "integrity": "sha512-69QjM6G5JcPduZL7QdB/5XcZd9jKGWhV1ipzVOXED6aXAWozmBrNPavGqIwyE2mszzeB0qUpriliuZWgfrML9w=="
    },
    "@vant/weapp": {
      "version": "1.10.15",
      "resolved": "https://registry.npmmirror.com/@vant/weapp/-/weapp-1.10.15.tgz",
      "integrity": "sha512-swM4k3pVwt/6Tnijvq86paLiKE1CzbrBQ4lR7+9uRhwKOM0HS3ooK1Q4IjSEyxQ59ZFKmYYvZln77RZcnSDqmA=="
    },
    "dayjs": {
      "version": "1.10.7",
      "resolved": "https://registry.nlark.com/dayjs/download/dayjs-1.10.7.tgz",
      "integrity": "sha1-LPX5Gt0oEWdIRAhmoKHSbzps5Gg="
    },
    "wl-pinyin": {
      "version": "1.0.1",
      "resolved": "https://registry.npm.taobao.org/wl-pinyin/download/wl-pinyin-1.0.1.tgz",
      "integrity": "sha1-GKftJVzv5jEABx4ll1Hejk27QC0="
    }
  }
}
